# This file is automatically @generated by Poetry 1.5.0 and should not be changed by hand.

[[package]]
name = "aws-lambda-powertools"
version = "2.16.1"
description = "Powertools for AWS Lambda (Python) is a developer toolkit to implement Serverless best practices and increase developer velocity."
optional = false
python-versions = ">=3.7.4,<4.0.0"
files = [
    {file = "aws_lambda_powertools-2.16.1-py3-none-any.whl", hash = "sha256:561def4b9b3018a27ca19823bf5751b5a2fbe5eaeb385f99967858bf2f0ff1f5"},
    {file = "aws_lambda_powertools-2.16.1.tar.gz", hash = "sha256:c0038296ff0151a7be69a6c3292ea1b60650d3565562794e7571db91dcc23950"},
]

[package.dependencies]
typing-extensions = ">=4.6.2,<5.0.0"

[package.extras]
all = ["aws-xray-sdk (>=2.8.0,<3.0.0)", "fastjsonschema (>=2.14.5,<3.0.0)", "pydantic (>=1.8.2,<2.0.0)"]
aws-sdk = ["boto3 (>=1.20.32,<2.0.0)"]
parser = ["pydantic (>=1.8.2,<2.0.0)"]
tracer = ["aws-xray-sdk (>=2.8.0,<3.0.0)"]
validation = ["fastjsonschema (>=2.14.5,<3.0.0)"]

[[package]]
name = "typing-extensions"
version = "4.6.3"
description = "Backported and Experimental Type Hints for Python 3.7+"
optional = false
python-versions = ">=3.7"
files = [
    {file = "typing_extensions-4.6.3-py3-none-any.whl", hash = "sha256:88a4153d8505aabbb4e13aacb7c486c2b4a33ca3b3f807914a9b4c844c471c26"},
    {file = "typing_extensions-4.6.3.tar.gz", hash = "sha256:d91d5919357fe7f681a9f2b5b4cb2a5f1ef0a1e9f59c4d8ff0d3491e05c0ffd5"},
]

[metadata]
lock-version = "2.0"
python-versions = "^3.10"
content-hash = "08d8429ef113b1216a0aa3a2768171d009f8c3256c668d42569983e76ca0a01c"
